
Microsoft Visual Studio Solution File, Format Version 12.00
# Visual Studio Version 17
VisualStudioVersion = 17.6.33723.286
MinimumVisualStudioVersion = 10.0.40219.1
Project("{9A19103F-16F7-4668-BE54-9A1E7A4F7556}") = "QuartetPlayer", "QuartetPlayer.csproj", "{8EAC3AEA-D071-4FB4-93A3-1B4FF1661037}"
EndProject
Global
	GlobalSection(SolutionConfigurationPlatforms) = preSolution
		Debug|Any CPU = Debug|Any CPU
		Release|Any CPU = Release|Any CPU
	EndGlobalSection
	GlobalSection(ProjectConfigurationPlatforms) = postSolution
		{8EAC3AEA-D071-4FB4-93A3-1B4FF1661037}.Debug|Any CPU.ActiveCfg = Debug|Any CPU
		{8EAC3AEA-D071-4FB4-93A3-1B4FF1661037}.Debug|Any CPU.Build.0 = Debug|Any CPU
		{8EAC3AEA-D071-4FB4-93A3-1B4FF1661037}.Release|Any CPU.ActiveCfg = Release|Any CPU
		{8EAC3AEA-D071-4FB4-93A3-1B4FF1661037}.Release|Any CPU.Build.0 = Release|Any CPU
	EndGlobalSection
	GlobalSection(SolutionProperties) = preSolution
		HideSolutionNode = FALSE
	EndGlobalSection
	GlobalSection(ExtensibilityGlobals) = postSolution
		SolutionGuid = {CBA6A5D5-7FB6-4B8A-A9C9-E03CB166E560}
	EndGlobalSection
EndGlobal
